// !$*UTF8*$!
{
	archiveVersion = 1;
	classes = {
	};
	objectVersion = 52;
	objects = {

/* Begin PBXBuildFile section */
		D8768B7924CDB462009BAB47 /* Model.swift in Sources */ = {isa = PBXBuildFile; fileRef = D8768B7824CDB462009BAB47 /* Model.swift */; };
		D8768B7B24CDB540009BAB47 /* RemoteAddAccount.swift in Sources */ = {isa = PBXBuildFile; fileRef = D8768B7A24CDB540009BAB47 /* RemoteAddAccount.swift */; };
		D8768B7D24CDB5BD009BAB47 /* HttpPostClient.swift in Sources */ = {isa = PBXBuildFile; fileRef = D8768B7C24CDB5BD009BAB47 /* HttpPostClient.swift */; };
		D8768B8524CDC613009BAB47 /* DomainError.swift in Sources */ = {isa = PBXBuildFile; fileRef = D8768B8424CDC613009BAB47 /* DomainError.swift */; };
		D8768B8724CDC8D3009BAB47 /* HttpError.swift in Sources */ = {isa = PBXBuildFile; fileRef = D8768B8624CDC8D3009BAB47 /* HttpError.swift */; };
		D8768B8A24CE2FBD009BAB47 /* ExtensionHelper.swift in Sources */ = {isa = PBXBuildFile; fileRef = D8768B8924CE2FBD009BAB47 /* ExtensionHelper.swift */; };
		D8768B8D24CE41E4009BAB47 /* TestExtension.swift in Sources */ = {isa = PBXBuildFile; fileRef = D8768B8C24CE41E4009BAB47 /* TestExtension.swift */; };
		D8768B8F24CE4235009BAB47 /* TestFactories.swift in Sources */ = {isa = PBXBuildFile; fileRef = D8768B8E24CE4235009BAB47 /* TestFactories.swift */; };
		D8768B9224CE434D009BAB47 /* HttpClientSpy.swift in Sources */ = {isa = PBXBuildFile; fileRef = D8768B9124CE434D009BAB47 /* HttpClientSpy.swift */; };
		D8768B9424CE44A6009BAB47 /* AccountModelFactory.swift in Sources */ = {isa = PBXBuildFile; fileRef = D8768B9324CE44A6009BAB47 /* AccountModelFactory.swift */; };
		D8768BA324CE45B2009BAB47 /* Infra.framework in Frameworks */ = {isa = PBXBuildFile; fileRef = D8768B9A24CE45B2009BAB47 /* Infra.framework */; };
		D8768BA824CE45B2009BAB47 /* AlamofireAdapterTest.swift in Sources */ = {isa = PBXBuildFile; fileRef = D8768BA724CE45B2009BAB47 /* AlamofireAdapterTest.swift */; };
		D8768BB124CE474C009BAB47 /* Data.framework in Frameworks */ = {isa = PBXBuildFile; fileRef = D87DCD4224CCC5BC00A8CCD1 /* Data.framework */; };
		D8768BB224CE474C009BAB47 /* Data.framework in Embed Frameworks */ = {isa = PBXBuildFile; fileRef = D87DCD4224CCC5BC00A8CCD1 /* Data.framework */; settings = {ATTRIBUTES = (CodeSignOnCopy, RemoveHeadersOnCopy, ); }; };
		D8768BB624CE4759009BAB47 /* TestExtension.swift in Sources */ = {isa = PBXBuildFile; fileRef = D8768B8C24CE41E4009BAB47 /* TestExtension.swift */; };
		D8768BB724CE475D009BAB47 /* TestFactories.swift in Sources */ = {isa = PBXBuildFile; fileRef = D8768B8E24CE4235009BAB47 /* TestFactories.swift */; };
		D8768BBA24CE4B3C009BAB47 /* Alamofire in Frameworks */ = {isa = PBXBuildFile; productRef = D8768BB924CE4B3C009BAB47 /* Alamofire */; };
		D87DCD3A24CCC02000A8CCD1 /* AddAccount.swift in Sources */ = {isa = PBXBuildFile; fileRef = D87DCD3924CCC02000A8CCD1 /* AddAccount.swift */; };
		D87DCD3C24CCC26700A8CCD1 /* AccountModel.swift in Sources */ = {isa = PBXBuildFile; fileRef = D87DCD3B24CCC26700A8CCD1 /* AccountModel.swift */; };
		D87DCD4B24CCC5BC00A8CCD1 /* Data.framework in Frameworks */ = {isa = PBXBuildFile; fileRef = D87DCD4224CCC5BC00A8CCD1 /* Data.framework */; };
		D87DCD5024CCC5BC00A8CCD1 /* RemoteAddAccountTests.swift in Sources */ = {isa = PBXBuildFile; fileRef = D87DCD4F24CCC5BC00A8CCD1 /* RemoteAddAccountTests.swift */; };
		D87DCD5A24CCC65200A8CCD1 /* Domain.framework in Frameworks */ = {isa = PBXBuildFile; fileRef = D87DCD3124CCBFA500A8CCD1 /* Domain.framework */; };
		D87DCD5B24CCC65200A8CCD1 /* Domain.framework in Embed Frameworks */ = {isa = PBXBuildFile; fileRef = D87DCD3124CCBFA500A8CCD1 /* Domain.framework */; settings = {ATTRIBUTES = (CodeSignOnCopy, RemoveHeadersOnCopy, ); }; };
		D8C60BEC24D82F7D00C4326E /* Presentation.framework in Frameworks */ = {isa = PBXBuildFile; fileRef = D8C60BE324D82F7D00C4326E /* Presentation.framework */; };
		D8C60BF124D82F7D00C4326E /* SignUpPresenterTests.swift in Sources */ = {isa = PBXBuildFile; fileRef = D8C60BF024D82F7D00C4326E /* SignUpPresenterTests.swift */; };
		D8C60BFB24D85EE000C4326E /* SignUpPresenter.swift in Sources */ = {isa = PBXBuildFile; fileRef = D8C60BFA24D85EE000C4326E /* SignUpPresenter.swift */; };
		D8C60C0024D8604B00C4326E /* AlertView.swift in Sources */ = {isa = PBXBuildFile; fileRef = D8C60BFF24D8604B00C4326E /* AlertView.swift */; };
		D8CE7E0424D1E2ED00FC86A4 /* AlamofireAdapter.swift in Sources */ = {isa = PBXBuildFile; fileRef = D8CE7E0324D1E2ED00FC86A4 /* AlamofireAdapter.swift */; };
		D8CE7E0824D2F9CC00FC86A4 /* UrlProtocolStub.swift in Sources */ = {isa = PBXBuildFile; fileRef = D8CE7E0724D2F9CC00FC86A4 /* UrlProtocolStub.swift */; };
		D8CE7E1024D3302200FC86A4 /* AddAccountIntegrationTests.swift in Sources */ = {isa = PBXBuildFile; fileRef = D8CE7E0F24D3302200FC86A4 /* AddAccountIntegrationTests.swift */; };
		D8CE7E1224D3302200FC86A4 /* Data.framework in Frameworks */ = {isa = PBXBuildFile; fileRef = D87DCD4224CCC5BC00A8CCD1 /* Data.framework */; };
/* End PBXBuildFile section */

/* Begin PBXContainerItemProxy section */
		D8768BA424CE45B2009BAB47 /* PBXContainerItemProxy */ = {
			isa = PBXContainerItemProxy;
			containerPortal = D87DCD1824CCBE8600A8CCD1 /* Project object */;
			proxyType = 1;
			remoteGlobalIDString = D8768B9924CE45B2009BAB47;
			remoteInfo = Infra;
		};
		D8768BB324CE474C009BAB47 /* PBXContainerItemProxy */ = {
			isa = PBXContainerItemProxy;
			containerPortal = D87DCD1824CCBE8600A8CCD1 /* Project object */;
			proxyType = 1;
			remoteGlobalIDString = D87DCD4124CCC5BC00A8CCD1;
			remoteInfo = Data;
		};
		D87DCD4C24CCC5BC00A8CCD1 /* PBXContainerItemProxy */ = {
			isa = PBXContainerItemProxy;
			containerPortal = D87DCD1824CCBE8600A8CCD1 /* Project object */;
			proxyType = 1;
			remoteGlobalIDString = D87DCD4124CCC5BC00A8CCD1;
			remoteInfo = Data;
		};
		D87DCD5C24CCC65200A8CCD1 /* PBXContainerItemProxy */ = {
			isa = PBXContainerItemProxy;
			containerPortal = D87DCD1824CCBE8600A8CCD1 /* Project object */;
			proxyType = 1;
			remoteGlobalIDString = D87DCD3024CCBFA500A8CCD1;
			remoteInfo = Domain;
		};
		D8C60BED24D82F7D00C4326E /* PBXContainerItemProxy */ = {
			isa = PBXContainerItemProxy;
			containerPortal = D87DCD1824CCBE8600A8CCD1 /* Project object */;
			proxyType = 1;
			remoteGlobalIDString = D8C60BE224D82F7D00C4326E;
			remoteInfo = Presentation;
		};
		D8C60BFC24D85F2900C4326E /* PBXContainerItemProxy */ = {
			isa = PBXContainerItemProxy;
			containerPortal = D87DCD1824CCBE8600A8CCD1 /* Project object */;
			proxyType = 1;
			remoteGlobalIDString = D87DCD3024CCBFA500A8CCD1;
			remoteInfo = Domain;
		};
		D8CE7E1324D3302200FC86A4 /* PBXContainerItemProxy */ = {
			isa = PBXContainerItemProxy;
			containerPortal = D87DCD1824CCBE8600A8CCD1 /* Project object */;
			proxyType = 1;
			remoteGlobalIDString = D87DCD4124CCC5BC00A8CCD1;
			remoteInfo = Data;
		};
		D8CE7E1824D3304600FC86A4 /* PBXContainerItemProxy */ = {
			isa = PBXContainerItemProxy;
			containerPortal = D87DCD1824CCBE8600A8CCD1 /* Project object */;
			proxyType = 1;
			remoteGlobalIDString = D87DCD3024CCBFA500A8CCD1;
			remoteInfo = Domain;
		};
		D8CE7E1A24D3304600FC86A4 /* PBXContainerItemProxy */ = {
			isa = PBXContainerItemProxy;
			containerPortal = D87DCD1824CCBE8600A8CCD1 /* Project object */;
			proxyType = 1;
			remoteGlobalIDString = D8768B9924CE45B2009BAB47;
			remoteInfo = Infra;
		};
/* End PBXContainerItemProxy section */

/* Begin PBXCopyFilesBuildPhase section */
		D8768BB524CE474C009BAB47 /* Embed Frameworks */ = {
			isa = PBXCopyFilesBuildPhase;
			buildActionMask = 2147483647;
			dstPath = "";
			dstSubfolderSpec = 10;
			files = (
				D8768BB224CE474C009BAB47 /* Data.framework in Embed Frameworks */,
			);
			name = "Embed Frameworks";
			runOnlyForDeploymentPostprocessing = 0;
		};
		D87DCD5E24CCC65200A8CCD1 /* Embed Frameworks */ = {
			isa = PBXCopyFilesBuildPhase;
			buildActionMask = 2147483647;
			dstPath = "";
			dstSubfolderSpec = 10;
			files = (
				D87DCD5B24CCC65200A8CCD1 /* Domain.framework in Embed Frameworks */,
			);
			name = "Embed Frameworks";
			runOnlyForDeploymentPostprocessing = 0;
		};
/* End PBXCopyFilesBuildPhase section */

/* Begin PBXFileReference section */
		D8768B7824CDB462009BAB47 /* Model.swift */ = {isa = PBXFileReference; lastKnownFileType = sourcecode.swift; path = Model.swift; sourceTree = "<group>"; };
		D8768B7A24CDB540009BAB47 /* RemoteAddAccount.swift */ = {isa = PBXFileReference; lastKnownFileType = sourcecode.swift; path = RemoteAddAccount.swift; sourceTree = "<group>"; };
		D8768B7C24CDB5BD009BAB47 /* HttpPostClient.swift */ = {isa = PBXFileReference; lastKnownFileType = sourcecode.swift; path = HttpPostClient.swift; sourceTree = "<group>"; };
		D8768B8424CDC613009BAB47 /* DomainError.swift */ = {isa = PBXFileReference; lastKnownFileType = sourcecode.swift; path = DomainError.swift; sourceTree = "<group>"; };
		D8768B8624CDC8D3009BAB47 /* HttpError.swift */ = {isa = PBXFileReference; lastKnownFileType = sourcecode.swift; path = HttpError.swift; sourceTree = "<group>"; };
		D8768B8924CE2FBD009BAB47 /* ExtensionHelper.swift */ = {isa = PBXFileReference; lastKnownFileType = sourcecode.swift; path = ExtensionHelper.swift; sourceTree = "<group>"; };
		D8768B8C24CE41E4009BAB47 /* TestExtension.swift */ = {isa = PBXFileReference; lastKnownFileType = sourcecode.swift; path = TestExtension.swift; sourceTree = "<group>"; };
		D8768B8E24CE4235009BAB47 /* TestFactories.swift */ = {isa = PBXFileReference; lastKnownFileType = sourcecode.swift; path = TestFactories.swift; sourceTree = "<group>"; };
		D8768B9124CE434D009BAB47 /* HttpClientSpy.swift */ = {isa = PBXFileReference; lastKnownFileType = sourcecode.swift; path = HttpClientSpy.swift; sourceTree = "<group>"; };
		D8768B9324CE44A6009BAB47 /* AccountModelFactory.swift */ = {isa = PBXFileReference; lastKnownFileType = sourcecode.swift; path = AccountModelFactory.swift; sourceTree = "<group>"; };
		D8768B9A24CE45B2009BAB47 /* Infra.framework */ = {isa = PBXFileReference; explicitFileType = wrapper.framework; includeInIndex = 0; path = Infra.framework; sourceTree = BUILT_PRODUCTS_DIR; };
		D8768B9D24CE45B2009BAB47 /* Info.plist */ = {isa = PBXFileReference; lastKnownFileType = text.plist.xml; path = Info.plist; sourceTree = "<group>"; };
		D8768BA224CE45B2009BAB47 /* InfraTests.xctest */ = {isa = PBXFileReference; explicitFileType = wrapper.cfbundle; includeInIndex = 0; path = InfraTests.xctest; sourceTree = BUILT_PRODUCTS_DIR; };
		D8768BA724CE45B2009BAB47 /* AlamofireAdapterTest.swift */ = {isa = PBXFileReference; lastKnownFileType = sourcecode.swift; path = AlamofireAdapterTest.swift; sourceTree = "<group>"; };
		D8768BA924CE45B2009BAB47 /* Info.plist */ = {isa = PBXFileReference; lastKnownFileType = text.plist.xml; path = Info.plist; sourceTree = "<group>"; };
		D87DCD3124CCBFA500A8CCD1 /* Domain.framework */ = {isa = PBXFileReference; explicitFileType = wrapper.framework; includeInIndex = 0; path = Domain.framework; sourceTree = BUILT_PRODUCTS_DIR; };
		D87DCD3424CCBFA500A8CCD1 /* Info.plist */ = {isa = PBXFileReference; lastKnownFileType = text.plist.xml; path = Info.plist; sourceTree = "<group>"; };
		D87DCD3924CCC02000A8CCD1 /* AddAccount.swift */ = {isa = PBXFileReference; lastKnownFileType = sourcecode.swift; path = AddAccount.swift; sourceTree = "<group>"; };
		D87DCD3B24CCC26700A8CCD1 /* AccountModel.swift */ = {isa = PBXFileReference; lastKnownFileType = sourcecode.swift; path = AccountModel.swift; sourceTree = "<group>"; };
		D87DCD4224CCC5BC00A8CCD1 /* Data.framework */ = {isa = PBXFileReference; explicitFileType = wrapper.framework; includeInIndex = 0; path = Data.framework; sourceTree = BUILT_PRODUCTS_DIR; };
		D87DCD4524CCC5BC00A8CCD1 /* Info.plist */ = {isa = PBXFileReference; lastKnownFileType = text.plist.xml; path = Info.plist; sourceTree = "<group>"; };
		D87DCD4A24CCC5BC00A8CCD1 /* DataTests.xctest */ = {isa = PBXFileReference; explicitFileType = wrapper.cfbundle; includeInIndex = 0; path = DataTests.xctest; sourceTree = BUILT_PRODUCTS_DIR; };
		D87DCD4F24CCC5BC00A8CCD1 /* RemoteAddAccountTests.swift */ = {isa = PBXFileReference; lastKnownFileType = sourcecode.swift; path = RemoteAddAccountTests.swift; sourceTree = "<group>"; };
		D87DCD5124CCC5BC00A8CCD1 /* Info.plist */ = {isa = PBXFileReference; lastKnownFileType = text.plist.xml; path = Info.plist; sourceTree = "<group>"; };
		D8C60BE324D82F7D00C4326E /* Presentation.framework */ = {isa = PBXFileReference; explicitFileType = wrapper.framework; includeInIndex = 0; path = Presentation.framework; sourceTree = BUILT_PRODUCTS_DIR; };
		D8C60BE624D82F7D00C4326E /* Info.plist */ = {isa = PBXFileReference; lastKnownFileType = text.plist.xml; path = Info.plist; sourceTree = "<group>"; };
		D8C60BEB24D82F7D00C4326E /* PresentationTests.xctest */ = {isa = PBXFileReference; explicitFileType = wrapper.cfbundle; includeInIndex = 0; path = PresentationTests.xctest; sourceTree = BUILT_PRODUCTS_DIR; };
		D8C60BF024D82F7D00C4326E /* SignUpPresenterTests.swift */ = {isa = PBXFileReference; lastKnownFileType = sourcecode.swift; path = SignUpPresenterTests.swift; sourceTree = "<group>"; };
		D8C60BF224D82F7D00C4326E /* Info.plist */ = {isa = PBXFileReference; lastKnownFileType = text.plist.xml; path = Info.plist; sourceTree = "<group>"; };
		D8C60BFA24D85EE000C4326E /* SignUpPresenter.swift */ = {isa = PBXFileReference; lastKnownFileType = sourcecode.swift; path = SignUpPresenter.swift; sourceTree = "<group>"; };
		D8C60BFF24D8604B00C4326E /* AlertView.swift */ = {isa = PBXFileReference; lastKnownFileType = sourcecode.swift; path = AlertView.swift; sourceTree = "<group>"; };
		D8CE7E0324D1E2ED00FC86A4 /* AlamofireAdapter.swift */ = {isa = PBXFileReference; lastKnownFileType = sourcecode.swift; path = AlamofireAdapter.swift; sourceTree = "<group>"; };
		D8CE7E0724D2F9CC00FC86A4 /* UrlProtocolStub.swift */ = {isa = PBXFileReference; lastKnownFileType = sourcecode.swift; path = UrlProtocolStub.swift; sourceTree = "<group>"; };
		D8CE7E0D24D3302200FC86A4 /* UseCasesIntegrationTests.xctest */ = {isa = PBXFileReference; explicitFileType = wrapper.cfbundle; includeInIndex = 0; path = UseCasesIntegrationTests.xctest; sourceTree = BUILT_PRODUCTS_DIR; };
		D8CE7E0F24D3302200FC86A4 /* AddAccountIntegrationTests.swift */ = {isa = PBXFileReference; lastKnownFileType = sourcecode.swift; path = AddAccountIntegrationTests.swift; sourceTree = "<group>"; };
		D8CE7E1124D3302200FC86A4 /* Info.plist */ = {isa = PBXFileReference; lastKnownFileType = text.plist.xml; path = Info.plist; sourceTree = "<group>"; };
/* End PBXFileReference section */

/* Begin PBXFrameworksBuildPhase section */
		D8768B9724CE45B2009BAB47 /* Frameworks */ = {
			isa = PBXFrameworksBuildPhase;
			buildActionMask = 2147483647;
			files = (
				D8768BB124CE474C009BAB47 /* Data.framework in Frameworks */,
				D8768BBA24CE4B3C009BAB47 /* Alamofire in Frameworks */,
			);
			runOnlyForDeploymentPostprocessing = 0;
		};
		D8768B9F24CE45B2009BAB47 /* Frameworks */ = {
			isa = PBXFrameworksBuildPhase;
			buildActionMask = 2147483647;
			files = (
				D8768BA324CE45B2009BAB47 /* Infra.framework in Frameworks */,
			);
			runOnlyForDeploymentPostprocessing = 0;
		};
		D87DCD2E24CCBFA500A8CCD1 /* Frameworks */ = {
			isa = PBXFrameworksBuildPhase;
			buildActionMask = 2147483647;
			files = (
			);
			runOnlyForDeploymentPostprocessing = 0;
		};
		D87DCD3F24CCC5BC00A8CCD1 /* Frameworks */ = {
			isa = PBXFrameworksBuildPhase;
			buildActionMask = 2147483647;
			files = (
				D87DCD5A24CCC65200A8CCD1 /* Domain.framework in Frameworks */,
			);
			runOnlyForDeploymentPostprocessing = 0;
		};
		D87DCD4724CCC5BC00A8CCD1 /* Frameworks */ = {
			isa = PBXFrameworksBuildPhase;
			buildActionMask = 2147483647;
			files = (
				D87DCD4B24CCC5BC00A8CCD1 /* Data.framework in Frameworks */,
			);
			runOnlyForDeploymentPostprocessing = 0;
		};
		D8C60BE024D82F7D00C4326E /* Frameworks */ = {
			isa = PBXFrameworksBuildPhase;
			buildActionMask = 2147483647;
			files = (
			);
			runOnlyForDeploymentPostprocessing = 0;
		};
		D8C60BE824D82F7D00C4326E /* Frameworks */ = {
			isa = PBXFrameworksBuildPhase;
			buildActionMask = 2147483647;
			files = (
				D8C60BEC24D82F7D00C4326E /* Presentation.framework in Frameworks */,
			);
			runOnlyForDeploymentPostprocessing = 0;
		};
		D8CE7E0A24D3302200FC86A4 /* Frameworks */ = {
			isa = PBXFrameworksBuildPhase;
			buildActionMask = 2147483647;
			files = (
				D8CE7E1224D3302200FC86A4 /* Data.framework in Frameworks */,
			);
			runOnlyForDeploymentPostprocessing = 0;
		};
/* End PBXFrameworksBuildPhase section */

/* Begin PBXGroup section */
		D8768B7E24CDC185009BAB47 /* UseCases */ = {
			isa = PBXGroup;
			children = (
				D87DCD3924CCC02000A8CCD1 /* AddAccount.swift */,
			);
			name = UseCases;
			sourceTree = "<group>";
		};
		D8768B7F24CDC1A7009BAB47 /* Models */ = {
			isa = PBXGroup;
			children = (
				D87DCD3B24CCC26700A8CCD1 /* AccountModel.swift */,
				D8768B7824CDB462009BAB47 /* Model.swift */,
			);
			name = Models;
			sourceTree = "<group>";
		};
		D8768B8024CDC1D4009BAB47 /* UseCases */ = {
			isa = PBXGroup;
			children = (
				D8768B7A24CDB540009BAB47 /* RemoteAddAccount.swift */,
			);
			path = UseCases;
			sourceTree = "<group>";
		};
		D8768B8124CDC1F1009BAB47 /* Http */ = {
			isa = PBXGroup;
			children = (
				D8768B7C24CDB5BD009BAB47 /* HttpPostClient.swift */,
				D8768B8624CDC8D3009BAB47 /* HttpError.swift */,
			);
			path = Http;
			sourceTree = "<group>";
		};
		D8768B8224CDC218009BAB47 /* UseCases */ = {
			isa = PBXGroup;
			children = (
				D87DCD4F24CCC5BC00A8CCD1 /* RemoteAddAccountTests.swift */,
			);
			path = UseCases;
			sourceTree = "<group>";
		};
		D8768B8324CDC5F4009BAB47 /* Errors */ = {
			isa = PBXGroup;
			children = (
				D8768B8424CDC613009BAB47 /* DomainError.swift */,
			);
			name = Errors;
			sourceTree = "<group>";
		};
		D8768B8824CE2F90009BAB47 /* Helpers */ = {
			isa = PBXGroup;
			children = (
				D8768B8924CE2FBD009BAB47 /* ExtensionHelper.swift */,
			);
			path = Helpers;
			sourceTree = "<group>";
		};
		D8768B8B24CE41AD009BAB47 /* Helpers */ = {
			isa = PBXGroup;
			children = (
				D8768B9324CE44A6009BAB47 /* AccountModelFactory.swift */,
				D8768B8C24CE41E4009BAB47 /* TestExtension.swift */,
				D8768B8E24CE4235009BAB47 /* TestFactories.swift */,
			);
			path = Helpers;
			sourceTree = "<group>";
		};
		D8768B9024CE4326009BAB47 /* Http */ = {
			isa = PBXGroup;
			children = (
				D8768B9124CE434D009BAB47 /* HttpClientSpy.swift */,
			);
			path = Http;
			sourceTree = "<group>";
		};
		D8768B9B24CE45B2009BAB47 /* Infra */ = {
			isa = PBXGroup;
			children = (
				D8CE7E0524D2F90D00FC86A4 /* Http */,
				D8768B9D24CE45B2009BAB47 /* Info.plist */,
			);
			path = Infra;
			sourceTree = "<group>";
		};
		D8768BA624CE45B2009BAB47 /* InfraTests */ = {
			isa = PBXGroup;
			children = (
				D8CE7E0624D2F99900FC86A4 /* Http */,
				D8768BA924CE45B2009BAB47 /* Info.plist */,
			);
			path = InfraTests;
			sourceTree = "<group>";
		};
		D87DCD1724CCBE8600A8CCD1 = {
			isa = PBXGroup;
			children = (
				D87DCD3224CCBFA500A8CCD1 /* Domain */,
				D87DCD4324CCC5BC00A8CCD1 /* Data */,
				D87DCD4E24CCC5BC00A8CCD1 /* DataTests */,
				D8768B9B24CE45B2009BAB47 /* Infra */,
				D8768BA624CE45B2009BAB47 /* InfraTests */,
				D8CE7E0E24D3302200FC86A4 /* UseCasesIntegrationTests */,
				D8C60BE424D82F7D00C4326E /* Presentation */,
				D8C60BEF24D82F7D00C4326E /* PresentationTests */,
				D87DCD2224CCBE8600A8CCD1 /* Products */,
				D87DCD5924CCC65200A8CCD1 /* Frameworks */,
			);
			sourceTree = "<group>";
		};
		D87DCD2224CCBE8600A8CCD1 /* Products */ = {
			isa = PBXGroup;
			children = (
				D87DCD3124CCBFA500A8CCD1 /* Domain.framework */,
				D87DCD4224CCC5BC00A8CCD1 /* Data.framework */,
				D87DCD4A24CCC5BC00A8CCD1 /* DataTests.xctest */,
				D8768B9A24CE45B2009BAB47 /* Infra.framework */,
				D8768BA224CE45B2009BAB47 /* InfraTests.xctest */,
				D8CE7E0D24D3302200FC86A4 /* UseCasesIntegrationTests.xctest */,
				D8C60BE324D82F7D00C4326E /* Presentation.framework */,
				D8C60BEB24D82F7D00C4326E /* PresentationTests.xctest */,
			);
			name = Products;
			sourceTree = "<group>";
		};
		D87DCD3224CCBFA500A8CCD1 /* Domain */ = {
			isa = PBXGroup;
			children = (
				D8768B8324CDC5F4009BAB47 /* Errors */,
				D8768B7F24CDC1A7009BAB47 /* Models */,
				D8768B7E24CDC185009BAB47 /* UseCases */,
				D87DCD3424CCBFA500A8CCD1 /* Info.plist */,
			);
			path = Domain;
			sourceTree = "<group>";
		};
		D87DCD4324CCC5BC00A8CCD1 /* Data */ = {
			isa = PBXGroup;
			children = (
				D8768B8824CE2F90009BAB47 /* Helpers */,
				D8768B8124CDC1F1009BAB47 /* Http */,
				D8768B8024CDC1D4009BAB47 /* UseCases */,
				D87DCD4524CCC5BC00A8CCD1 /* Info.plist */,
			);
			path = Data;
			sourceTree = "<group>";
		};
		D87DCD4E24CCC5BC00A8CCD1 /* DataTests */ = {
			isa = PBXGroup;
			children = (
				D8768B8B24CE41AD009BAB47 /* Helpers */,
				D8768B9024CE4326009BAB47 /* Http */,
				D8768B8224CDC218009BAB47 /* UseCases */,
				D87DCD5124CCC5BC00A8CCD1 /* Info.plist */,
			);
			path = DataTests;
			sourceTree = "<group>";
		};
		D87DCD5924CCC65200A8CCD1 /* Frameworks */ = {
			isa = PBXGroup;
			children = (
			);
			name = Frameworks;
			sourceTree = "<group>";
		};
		D8C60BE424D82F7D00C4326E /* Presentation */ = {
			isa = PBXGroup;
			children = (
				D8C60C0124D860AF00C4326E /* Presenter */,
				D8C60BFE24D8602E00C4326E /* Views */,
				D8C60BE624D82F7D00C4326E /* Info.plist */,
			);
			path = Presentation;
			sourceTree = "<group>";
		};
		D8C60BEF24D82F7D00C4326E /* PresentationTests */ = {
			isa = PBXGroup;
			children = (
				D8C60C0424D8798500C4326E /* Presenter */,
				D8C60BF224D82F7D00C4326E /* Info.plist */,
			);
			path = PresentationTests;
			sourceTree = "<group>";
		};
		D8C60BFE24D8602E00C4326E /* Views */ = {
			isa = PBXGroup;
			children = (
				D8C60BFF24D8604B00C4326E /* AlertView.swift */,
			);
			path = Views;
			sourceTree = "<group>";
		};
		D8C60C0124D860AF00C4326E /* Presenter */ = {
			isa = PBXGroup;
			children = (
				D8C60BFA24D85EE000C4326E /* SignUpPresenter.swift */,
			);
			path = Presenter;
			sourceTree = "<group>";
		};
		D8C60C0424D8798500C4326E /* Presenter */ = {
			isa = PBXGroup;
			children = (
				D8C60BF024D82F7D00C4326E /* SignUpPresenterTests.swift */,
			);
			path = Presenter;
			sourceTree = "<group>";
		};
		D8CE7E0524D2F90D00FC86A4 /* Http */ = {
			isa = PBXGroup;
			children = (
				D8CE7E0324D1E2ED00FC86A4 /* AlamofireAdapter.swift */,
			);
			path = Http;
			sourceTree = "<group>";
		};
		D8CE7E0624D2F99900FC86A4 /* Http */ = {
			isa = PBXGroup;
			children = (
				D8768BA724CE45B2009BAB47 /* AlamofireAdapterTest.swift */,
				D8CE7E0724D2F9CC00FC86A4 /* UrlProtocolStub.swift */,
			);
			path = Http;
			sourceTree = "<group>";
		};
		D8CE7E0E24D3302200FC86A4 /* UseCasesIntegrationTests */ = {
			isa = PBXGroup;
			children = (
				D8CE7E0F24D3302200FC86A4 /* AddAccountIntegrationTests.swift */,
				D8CE7E1124D3302200FC86A4 /* Info.plist */,
			);
			path = UseCasesIntegrationTests;
			sourceTree = "<group>";
		};
/* End PBXGroup section */

/* Begin PBXHeadersBuildPhase section */
		D8768B9524CE45B2009BAB47 /* Headers */ = {
			isa = PBXHeadersBuildPhase;
			buildActionMask = 2147483647;
			files = (
			);
			runOnlyForDeploymentPostprocessing = 0;
		};
		D87DCD2C24CCBFA500A8CCD1 /* Headers */ = {
			isa = PBXHeadersBuildPhase;
			buildActionMask = 2147483647;
			files = (
			);
			runOnlyForDeploymentPostprocessing = 0;
		};
		D87DCD3D24CCC5BC00A8CCD1 /* Headers */ = {
			isa = PBXHeadersBuildPhase;
			buildActionMask = 2147483647;
			files = (
			);
			runOnlyForDeploymentPostprocessing = 0;
		};
		D8C60BDE24D82F7D00C4326E /* Headers */ = {
			isa = PBXHeadersBuildPhase;
			buildActionMask = 2147483647;
			files = (
			);
			runOnlyForDeploymentPostprocessing = 0;
		};
/* End PBXHeadersBuildPhase section */

/* Begin PBXNativeTarget section */
		D8768B9924CE45B2009BAB47 /* Infra */ = {
			isa = PBXNativeTarget;
			buildConfigurationList = D8768BAB24CE45B2009BAB47 /* Build configuration list for PBXNativeTarget "Infra" */;
			buildPhases = (
				D8768B9524CE45B2009BAB47 /* Headers */,
				D8768B9624CE45B2009BAB47 /* Sources */,
				D8768B9724CE45B2009BAB47 /* Frameworks */,
				D8768B9824CE45B2009BAB47 /* Resources */,
				D8768BB524CE474C009BAB47 /* Embed Frameworks */,
			);
			buildRules = (
			);
			dependencies = (
				D8768BB424CE474C009BAB47 /* PBXTargetDependency */,
			);
			name = Infra;
			packageProductDependencies = (
				D8768BB924CE4B3C009BAB47 /* Alamofire */,
			);
			productName = Infra;
			productReference = D8768B9A24CE45B2009BAB47 /* Infra.framework */;
			productType = "com.apple.product-type.framework";
		};
		D8768BA124CE45B2009BAB47 /* InfraTests */ = {
			isa = PBXNativeTarget;
			buildConfigurationList = D8768BAE24CE45B2009BAB47 /* Build configuration list for PBXNativeTarget "InfraTests" */;
			buildPhases = (
				D8768B9E24CE45B2009BAB47 /* Sources */,
				D8768B9F24CE45B2009BAB47 /* Frameworks */,
				D8768BA024CE45B2009BAB47 /* Resources */,
			);
			buildRules = (
			);
			dependencies = (
				D8768BA524CE45B2009BAB47 /* PBXTargetDependency */,
			);
			name = InfraTests;
			productName = InfraTests;
			productReference = D8768BA224CE45B2009BAB47 /* InfraTests.xctest */;
			productType = "com.apple.product-type.bundle.unit-test";
		};
		D87DCD3024CCBFA500A8CCD1 /* Domain */ = {
			isa = PBXNativeTarget;
			buildConfigurationList = D87DCD3624CCBFA500A8CCD1 /* Build configuration list for PBXNativeTarget "Domain" */;
			buildPhases = (
				D87DCD2C24CCBFA500A8CCD1 /* Headers */,
				D87DCD2D24CCBFA500A8CCD1 /* Sources */,
				D87DCD2E24CCBFA500A8CCD1 /* Frameworks */,
				D87DCD2F24CCBFA500A8CCD1 /* Resources */,
			);
			buildRules = (
			);
			dependencies = (
			);
			name = Domain;
			productName = Domain;
			productReference = D87DCD3124CCBFA500A8CCD1 /* Domain.framework */;
			productType = "com.apple.product-type.framework";
		};
		D87DCD4124CCC5BC00A8CCD1 /* Data */ = {
			isa = PBXNativeTarget;
			buildConfigurationList = D87DCD5324CCC5BC00A8CCD1 /* Build configuration list for PBXNativeTarget "Data" */;
			buildPhases = (
				D87DCD3D24CCC5BC00A8CCD1 /* Headers */,
				D87DCD3E24CCC5BC00A8CCD1 /* Sources */,
				D87DCD3F24CCC5BC00A8CCD1 /* Frameworks */,
				D87DCD4024CCC5BC00A8CCD1 /* Resources */,
				D87DCD5E24CCC65200A8CCD1 /* Embed Frameworks */,
			);
			buildRules = (
			);
			dependencies = (
				D87DCD5D24CCC65200A8CCD1 /* PBXTargetDependency */,
			);
			name = Data;
			productName = Data;
			productReference = D87DCD4224CCC5BC00A8CCD1 /* Data.framework */;
			productType = "com.apple.product-type.framework";
		};
		D87DCD4924CCC5BC00A8CCD1 /* DataTests */ = {
			isa = PBXNativeTarget;
			buildConfigurationList = D87DCD5624CCC5BC00A8CCD1 /* Build configuration list for PBXNativeTarget "DataTests" */;
			buildPhases = (
				D87DCD4624CCC5BC00A8CCD1 /* Sources */,
				D87DCD4724CCC5BC00A8CCD1 /* Frameworks */,
				D87DCD4824CCC5BC00A8CCD1 /* Resources */,
			);
			buildRules = (
			);
			dependencies = (
				D87DCD4D24CCC5BC00A8CCD1 /* PBXTargetDependency */,
			);
			name = DataTests;
			productName = DataTests;
			productReference = D87DCD4A24CCC5BC00A8CCD1 /* DataTests.xctest */;
			productType = "com.apple.product-type.bundle.unit-test";
		};
		D8C60BE224D82F7D00C4326E /* Presentation */ = {
			isa = PBXNativeTarget;
			buildConfigurationList = D8C60BF824D82F7D00C4326E /* Build configuration list for PBXNativeTarget "Presentation" */;
			buildPhases = (
				D8C60BDE24D82F7D00C4326E /* Headers */,
				D8C60BDF24D82F7D00C4326E /* Sources */,
				D8C60BE024D82F7D00C4326E /* Frameworks */,
				D8C60BE124D82F7D00C4326E /* Resources */,
			);
			buildRules = (
			);
			dependencies = (
				D8C60BFD24D85F2900C4326E /* PBXTargetDependency */,
			);
			name = Presentation;
			productName = Presentation;
			productReference = D8C60BE324D82F7D00C4326E /* Presentation.framework */;
			productType = "com.apple.product-type.framework";
		};
		D8C60BEA24D82F7D00C4326E /* PresentationTests */ = {
			isa = PBXNativeTarget;
			buildConfigurationList = D8C60BF924D82F7D00C4326E /* Build configuration list for PBXNativeTarget "PresentationTests" */;
			buildPhases = (
				D8C60BE724D82F7D00C4326E /* Sources */,
				D8C60BE824D82F7D00C4326E /* Frameworks */,
				D8C60BE924D82F7D00C4326E /* Resources */,
			);
			buildRules = (
			);
			dependencies = (
				D8C60BEE24D82F7D00C4326E /* PBXTargetDependency */,
			);
			name = PresentationTests;
			productName = PresentationTests;
			productReference = D8C60BEB24D82F7D00C4326E /* PresentationTests.xctest */;
			productType = "com.apple.product-type.bundle.unit-test";
		};
		D8CE7E0C24D3302200FC86A4 /* UseCasesIntegrationTests */ = {
			isa = PBXNativeTarget;
			buildConfigurationList = D8CE7E1524D3302200FC86A4 /* Build configuration list for PBXNativeTarget "UseCasesIntegrationTests" */;
			buildPhases = (
				D8CE7E0924D3302200FC86A4 /* Sources */,
				D8CE7E0A24D3302200FC86A4 /* Frameworks */,
				D8CE7E0B24D3302200FC86A4 /* Resources */,
			);
			buildRules = (
			);
			dependencies = (
				D8CE7E1924D3304600FC86A4 /* PBXTargetDependency */,
				D8CE7E1B24D3304600FC86A4 /* PBXTargetDependency */,
				D8CE7E1424D3302200FC86A4 /* PBXTargetDependency */,
			);
			name = UseCasesIntegrationTests;
			productName = UseCasesIntegrationTests;
			productReference = D8CE7E0D24D3302200FC86A4 /* UseCasesIntegrationTests.xctest */;
			productType = "com.apple.product-type.bundle.unit-test";
		};
/* End PBXNativeTarget section */

/* Begin PBXProject section */
		D87DCD1824CCBE8600A8CCD1 /* Project object */ = {
			isa = PBXProject;
			attributes = {
				LastSwiftUpdateCheck = 1160;
				LastUpgradeCheck = 1160;
				ORGANIZATIONNAME = "André Haas";
				TargetAttributes = {
					D8768B9924CE45B2009BAB47 = {
						CreatedOnToolsVersion = 11.6;
						LastSwiftMigration = 1160;
					};
					D8768BA124CE45B2009BAB47 = {
						CreatedOnToolsVersion = 11.6;
					};
					D87DCD3024CCBFA500A8CCD1 = {
						CreatedOnToolsVersion = 11.6;
						LastSwiftMigration = 1160;
					};
					D87DCD4124CCC5BC00A8CCD1 = {
						CreatedOnToolsVersion = 11.6;
						LastSwiftMigration = 1160;
					};
					D87DCD4924CCC5BC00A8CCD1 = {
						CreatedOnToolsVersion = 11.6;
					};
					D8C60BE224D82F7D00C4326E = {
						CreatedOnToolsVersion = 11.6;
						LastSwiftMigration = 1160;
					};
					D8C60BEA24D82F7D00C4326E = {
						CreatedOnToolsVersion = 11.6;
					};
					D8CE7E0C24D3302200FC86A4 = {
						CreatedOnToolsVersion = 11.6;
					};
				};
			};
			buildConfigurationList = D87DCD1B24CCBE8600A8CCD1 /* Build configuration list for PBXProject "CleanApp" */;
			compatibilityVersion = "Xcode 9.3";
			developmentRegion = en;
			hasScannedForEncodings = 0;
			knownRegions = (
				en,
				Base,
			);
			mainGroup = D87DCD1724CCBE8600A8CCD1;
			packageReferences = (
				D8768BB824CE4B3C009BAB47 /* XCRemoteSwiftPackageReference "Alamofire" */,
			);
			productRefGroup = D87DCD2224CCBE8600A8CCD1 /* Products */;
			projectDirPath = "";
			projectRoot = "";
			targets = (
				D87DCD3024CCBFA500A8CCD1 /* Domain */,
				D87DCD4124CCC5BC00A8CCD1 /* Data */,
				D87DCD4924CCC5BC00A8CCD1 /* DataTests */,
				D8768B9924CE45B2009BAB47 /* Infra */,
				D8768BA124CE45B2009BAB47 /* InfraTests */,
				D8CE7E0C24D3302200FC86A4 /* UseCasesIntegrationTests */,
				D8C60BE224D82F7D00C4326E /* Presentation */,
				D8C60BEA24D82F7D00C4326E /* PresentationTests */,
			);
		};
/* End PBXProject section */

/* Begin PBXResourcesBuildPhase section */
		D8768B9824CE45B2009BAB47 /* Resources */ = {
			isa = PBXResourcesBuildPhase;
			buildActionMask = 2147483647;
			files = (
			);
			runOnlyForDeploymentPostprocessing = 0;
		};
		D8768BA024CE45B2009BAB47 /* Resources */ = {
			isa = PBXResourcesBuildPhase;
			buildActionMask = 2147483647;
			files = (
			);
			runOnlyForDeploymentPostprocessing = 0;
		};
		D87DCD2F24CCBFA500A8CCD1 /* Resources */ = {
			isa = PBXResourcesBuildPhase;
			buildActionMask = 2147483647;
			files = (
			);
			runOnlyForDeploymentPostprocessing = 0;
		};
		D87DCD4024CCC5BC00A8CCD1 /* Resources */ = {
			isa = PBXResourcesBuildPhase;
			buildActionMask = 2147483647;
			files = (
			);
			runOnlyForDeploymentPostprocessing = 0;
		};
		D87DCD4824CCC5BC00A8CCD1 /* Resources */ = {
			isa = PBXResourcesBuildPhase;
			buildActionMask = 2147483647;
			files = (
			);
			runOnlyForDeploymentPostprocessing = 0;
		};
		D8C60BE124D82F7D00C4326E /* Resources */ = {
			isa = PBXResourcesBuildPhase;
			buildActionMask = 2147483647;
			files = (
			);
			runOnlyForDeploymentPostprocessing = 0;
		};
		D8C60BE924D82F7D00C4326E /* Resources */ = {
			isa = PBXResourcesBuildPhase;
			buildActionMask = 2147483647;
			files = (
			);
			runOnlyForDeploymentPostprocessing = 0;
		};
		D8CE7E0B24D3302200FC86A4 /* Resources */ = {
			isa = PBXResourcesBuildPhase;
			buildActionMask = 2147483647;
			files = (
			);
			runOnlyForDeploymentPostprocessing = 0;
		};
/* End PBXResourcesBuildPhase section */

/* Begin PBXSourcesBuildPhase section */
		D8768B9624CE45B2009BAB47 /* Sources */ = {
			isa = PBXSourcesBuildPhase;
			buildActionMask = 2147483647;
			files = (
				D8CE7E0424D1E2ED00FC86A4 /* AlamofireAdapter.swift in Sources */,
			);
			runOnlyForDeploymentPostprocessing = 0;
		};
		D8768B9E24CE45B2009BAB47 /* Sources */ = {
			isa = PBXSourcesBuildPhase;
			buildActionMask = 2147483647;
			files = (
				D8768BB724CE475D009BAB47 /* TestFactories.swift in Sources */,
				D8768BA824CE45B2009BAB47 /* AlamofireAdapterTest.swift in Sources */,
				D8768BB624CE4759009BAB47 /* TestExtension.swift in Sources */,
				D8CE7E0824D2F9CC00FC86A4 /* UrlProtocolStub.swift in Sources */,
			);
			runOnlyForDeploymentPostprocessing = 0;
		};
		D87DCD2D24CCBFA500A8CCD1 /* Sources */ = {
			isa = PBXSourcesBuildPhase;
			buildActionMask = 2147483647;
			files = (
				D8768B7924CDB462009BAB47 /* Model.swift in Sources */,
				D87DCD3A24CCC02000A8CCD1 /* AddAccount.swift in Sources */,
				D8768B8524CDC613009BAB47 /* DomainError.swift in Sources */,
				D87DCD3C24CCC26700A8CCD1 /* AccountModel.swift in Sources */,
			);
			runOnlyForDeploymentPostprocessing = 0;
		};
		D87DCD3E24CCC5BC00A8CCD1 /* Sources */ = {
			isa = PBXSourcesBuildPhase;
			buildActionMask = 2147483647;
			files = (
				D8768B7D24CDB5BD009BAB47 /* HttpPostClient.swift in Sources */,
				D8768B8A24CE2FBD009BAB47 /* ExtensionHelper.swift in Sources */,
				D8768B8724CDC8D3009BAB47 /* HttpError.swift in Sources */,
				D8768B7B24CDB540009BAB47 /* RemoteAddAccount.swift in Sources */,
			);
			runOnlyForDeploymentPostprocessing = 0;
		};
		D87DCD4624CCC5BC00A8CCD1 /* Sources */ = {
			isa = PBXSourcesBuildPhase;
			buildActionMask = 2147483647;
			files = (
				D8768B8F24CE4235009BAB47 /* TestFactories.swift in Sources */,
				D8768B9224CE434D009BAB47 /* HttpClientSpy.swift in Sources */,
				D87DCD5024CCC5BC00A8CCD1 /* RemoteAddAccountTests.swift in Sources */,
				D8768B9424CE44A6009BAB47 /* AccountModelFactory.swift in Sources */,
				D8768B8D24CE41E4009BAB47 /* TestExtension.swift in Sources */,
			);
			runOnlyForDeploymentPostprocessing = 0;
		};
		D8C60BDF24D82F7D00C4326E /* Sources */ = {
			isa = PBXSourcesBuildPhase;
			buildActionMask = 2147483647;
			files = (
				D8C60BFB24D85EE000C4326E /* SignUpPresenter.swift in Sources */,
				D8C60C0024D8604B00C4326E /* AlertView.swift in Sources */,
			);
			runOnlyForDeploymentPostprocessing = 0;
		};
		D8C60BE724D82F7D00C4326E /* Sources */ = {
			isa = PBXSourcesBuildPhase;
			buildActionMask = 2147483647;
			files = (
				D8C60BF124D82F7D00C4326E /* SignUpPresenterTests.swift in Sources */,
			);
			runOnlyForDeploymentPostprocessing = 0;
		};
		D8CE7E0924D3302200FC86A4 /* Sources */ = {
			isa = PBXSourcesBuildPhase;
			buildActionMask = 2147483647;
			files = (
				D8CE7E1024D3302200FC86A4 /* AddAccountIntegrationTests.swift in Sources */,
			);
			runOnlyForDeploymentPostprocessing = 0;
		};
/* End PBXSourcesBuildPhase section */

/* Begin PBXTargetDependency section */
		D8768BA524CE45B2009BAB47 /* PBXTargetDependency */ = {
			isa = PBXTargetDependency;
			target = D8768B9924CE45B2009BAB47 /* Infra */;
			targetProxy = D8768BA424CE45B2009BAB47 /* PBXContainerItemProxy */;
		};
		D8768BB424CE474C009BAB47 /* PBXTargetDependency */ = {
			isa = PBXTargetDependency;
			target = D87DCD4124CCC5BC00A8CCD1 /* Data */;
			targetProxy = D8768BB324CE474C009BAB47 /* PBXContainerItemProxy */;
		};
		D87DCD4D24CCC5BC00A8CCD1 /* PBXTargetDependency */ = {
			isa = PBXTargetDependency;
			target = D87DCD4124CCC5BC00A8CCD1 /* Data */;
			targetProxy = D87DCD4C24CCC5BC00A8CCD1 /* PBXContainerItemProxy */;
		};
		D87DCD5D24CCC65200A8CCD1 /* PBXTargetDependency */ = {
			isa = PBXTargetDependency;
			target = D87DCD3024CCBFA500A8CCD1 /* Domain */;
			targetProxy = D87DCD5C24CCC65200A8CCD1 /* PBXContainerItemProxy */;
		};
		D8C60BEE24D82F7D00C4326E /* PBXTargetDependency */ = {
			isa = PBXTargetDependency;
			target = D8C60BE224D82F7D00C4326E /* Presentation */;
			targetProxy = D8C60BED24D82F7D00C4326E /* PBXContainerItemProxy */;
		};
		D8C60BFD24D85F2900C4326E /* PBXTargetDependency */ = {
			isa = PBXTargetDependency;
			target = D87DCD3024CCBFA500A8CCD1 /* Domain */;
			targetProxy = D8C60BFC24D85F2900C4326E /* PBXContainerItemProxy */;
		};
		D8CE7E1424D3302200FC86A4 /* PBXTargetDependency */ = {
			isa = PBXTargetDependency;
			target = D87DCD4124CCC5BC00A8CCD1 /* Data */;
			targetProxy = D8CE7E1324D3302200FC86A4 /* PBXContainerItemProxy */;
		};
		D8CE7E1924D3304600FC86A4 /* PBXTargetDependency */ = {
			isa = PBXTargetDependency;
			target = D87DCD3024CCBFA500A8CCD1 /* Domain */;
			targetProxy = D8CE7E1824D3304600FC86A4 /* PBXContainerItemProxy */;
		};
		D8CE7E1B24D3304600FC86A4 /* PBXTargetDependency */ = {
			isa = PBXTargetDependency;
			target = D8768B9924CE45B2009BAB47 /* Infra */;
			targetProxy = D8CE7E1A24D3304600FC86A4 /* PBXContainerItemProxy */;
		};
/* End PBXTargetDependency section */

/* Begin XCBuildConfiguration section */
		D8768BAC24CE45B2009BAB47 /* Debug */ = {
			isa = XCBuildConfiguration;
			buildSettings = {
				CLANG_ENABLE_MODULES = YES;
				CODE_SIGN_STYLE = Automatic;
				COMBINE_HIDPI_IMAGES = YES;
				DEFINES_MODULE = YES;
				DEVELOPMENT_TEAM = 8P4N6Y6C49;
				DYLIB_COMPATIBILITY_VERSION = 1;
				DYLIB_CURRENT_VERSION = 1;
				DYLIB_INSTALL_NAME_BASE = "@rpath";
				INFOPLIST_FILE = Infra/Info.plist;
				INSTALL_PATH = "$(LOCAL_LIBRARY_DIR)/Frameworks";
				LD_RUNPATH_SEARCH_PATHS = (
					"$(inherited)",
					"@executable_path/../Frameworks",
					"@loader_path/Frameworks",
				);
				MACOSX_DEPLOYMENT_TARGET = 10.15;
				PRODUCT_BUNDLE_IDENTIFIER = br.nom.andre.haas.Infra;
				PRODUCT_NAME = "$(TARGET_NAME:c99extidentifier)";
				SDKROOT = macosx;
				SKIP_INSTALL = YES;
				SWIFT_OPTIMIZATION_LEVEL = "-Onone";
				SWIFT_VERSION = 5.0;
			};
			name = Debug;
		};
		D8768BAD24CE45B2009BAB47 /* Release */ = {
			isa = XCBuildConfiguration;
			buildSettings = {
				CLANG_ENABLE_MODULES = YES;
				CODE_SIGN_STYLE = Automatic;
				COMBINE_HIDPI_IMAGES = YES;
				DEFINES_MODULE = YES;
				DEVELOPMENT_TEAM = 8P4N6Y6C49;
				DYLIB_COMPATIBILITY_VERSION = 1;
				DYLIB_CURRENT_VERSION = 1;
				DYLIB_INSTALL_NAME_BASE = "@rpath";
				INFOPLIST_FILE = Infra/Info.plist;
				INSTALL_PATH = "$(LOCAL_LIBRARY_DIR)/Frameworks";
				LD_RUNPATH_SEARCH_PATHS = (
					"$(inherited)",
					"@executable_path/../Frameworks",
					"@loader_path/Frameworks",
				);
				MACOSX_DEPLOYMENT_TARGET = 10.15;
				PRODUCT_BUNDLE_IDENTIFIER = br.nom.andre.haas.Infra;
				PRODUCT_NAME = "$(TARGET_NAME:c99extidentifier)";
				SDKROOT = macosx;
				SKIP_INSTALL = YES;
				SWIFT_VERSION = 5.0;
			};
			name = Release;
		};
		D8768BAF24CE45B2009BAB47 /* Debug */ = {
			isa = XCBuildConfiguration;
			buildSettings = {
				ALWAYS_EMBED_SWIFT_STANDARD_LIBRARIES = YES;
				CODE_SIGN_STYLE = Automatic;
				COMBINE_HIDPI_IMAGES = YES;
				DEVELOPMENT_TEAM = 8P4N6Y6C49;
				INFOPLIST_FILE = InfraTests/Info.plist;
				LD_RUNPATH_SEARCH_PATHS = (
					"$(inherited)",
					"@executable_path/../Frameworks",
					"@loader_path/../Frameworks",
				);
				MACOSX_DEPLOYMENT_TARGET = 10.15;
				PRODUCT_BUNDLE_IDENTIFIER = br.nom.andre.haas.InfraTests;
				PRODUCT_NAME = "$(TARGET_NAME)";
				SDKROOT = macosx;
				SWIFT_VERSION = 5.0;
			};
			name = Debug;
		};
		D8768BB024CE45B2009BAB47 /* Release */ = {
			isa = XCBuildConfiguration;
			buildSettings = {
				ALWAYS_EMBED_SWIFT_STANDARD_LIBRARIES = YES;
				CODE_SIGN_STYLE = Automatic;
				COMBINE_HIDPI_IMAGES = YES;
				DEVELOPMENT_TEAM = 8P4N6Y6C49;
				INFOPLIST_FILE = InfraTests/Info.plist;
				LD_RUNPATH_SEARCH_PATHS = (
					"$(inherited)",
					"@executable_path/../Frameworks",
					"@loader_path/../Frameworks",
				);
				MACOSX_DEPLOYMENT_TARGET = 10.15;
				PRODUCT_BUNDLE_IDENTIFIER = br.nom.andre.haas.InfraTests;
				PRODUCT_NAME = "$(TARGET_NAME)";
				SDKROOT = macosx;
				SWIFT_VERSION = 5.0;
			};
			name = Release;
		};
		D87DCD2724CCBE8600A8CCD1 /* Debug */ = {
			isa = XCBuildConfiguration;
			buildSettings = {
				ALWAYS_SEARCH_USER_PATHS = NO;
				CLANG_ANALYZER_NONNULL = YES;
				CLANG_ANALYZER_NUMBER_OBJECT_CONVERSION = YES_AGGRESSIVE;
				CLANG_CXX_LANGUAGE_STANDARD = "gnu++14";
				CLANG_CXX_LIBRARY = "libc++";
				CLANG_ENABLE_MODULES = YES;
				CLANG_ENABLE_OBJC_ARC = YES;
				CLANG_ENABLE_OBJC_WEAK = YES;
				CLANG_WARN_BLOCK_CAPTURE_AUTORELEASING = YES;
				CLANG_WARN_BOOL_CONVERSION = YES;
				CLANG_WARN_COMMA = YES;
				CLANG_WARN_CONSTANT_CONVERSION = YES;
				CLANG_WARN_DEPRECATED_OBJC_IMPLEMENTATIONS = YES;
				CLANG_WARN_DIRECT_OBJC_ISA_USAGE = YES_ERROR;
				CLANG_WARN_DOCUMENTATION_COMMENTS = YES;
				CLANG_WARN_EMPTY_BODY = YES;
				CLANG_WARN_ENUM_CONVERSION = YES;
				CLANG_WARN_INFINITE_RECURSION = YES;
				CLANG_WARN_INT_CONVERSION = YES;
				CLANG_WARN_NON_LITERAL_NULL_CONVERSION = YES;
				CLANG_WARN_OBJC_IMPLICIT_RETAIN_SELF = YES;
				CLANG_WARN_OBJC_LITERAL_CONVERSION = YES;
				CLANG_WARN_OBJC_ROOT_CLASS = YES_ERROR;
				CLANG_WARN_RANGE_LOOP_ANALYSIS = YES;
				CLANG_WARN_STRICT_PROTOTYPES = YES;
				CLANG_WARN_SUSPICIOUS_MOVE = YES;
				CLANG_WARN_UNGUARDED_AVAILABILITY = YES_AGGRESSIVE;
				CLANG_WARN_UNREACHABLE_CODE = YES;
				CLANG_WARN__DUPLICATE_METHOD_MATCH = YES;
				COPY_PHASE_STRIP = NO;
				CURRENT_PROJECT_VERSION = 1;
				DEBUG_INFORMATION_FORMAT = dwarf;
				ENABLE_STRICT_OBJC_MSGSEND = YES;
				ENABLE_TESTABILITY = YES;
				GCC_C_LANGUAGE_STANDARD = gnu11;
				GCC_DYNAMIC_NO_PIC = NO;
				GCC_NO_COMMON_BLOCKS = YES;
				GCC_OPTIMIZATION_LEVEL = 0;
				GCC_PREPROCESSOR_DEFINITIONS = (
					"DEBUG=1",
					"$(inherited)",
				);
				GCC_WARN_64_TO_32_BIT_CONVERSION = YES;
				GCC_WARN_ABOUT_RETURN_TYPE = YES_ERROR;
				GCC_WARN_UNDECLARED_SELECTOR = YES;
				GCC_WARN_UNINITIALIZED_AUTOS = YES_AGGRESSIVE;
				GCC_WARN_UNUSED_FUNCTION = YES;
				GCC_WARN_UNUSED_VARIABLE = YES;
				IPHONEOS_DEPLOYMENT_TARGET = 13.6;
				MTL_ENABLE_DEBUG_INFO = INCLUDE_SOURCE;
				MTL_FAST_MATH = YES;
				ONLY_ACTIVE_ARCH = YES;
				SDKROOT = iphoneos;
				SWIFT_ACTIVE_COMPILATION_CONDITIONS = DEBUG;
				SWIFT_OPTIMIZATION_LEVEL = "-Onone";
				VERSIONING_SYSTEM = "apple-generic";
				VERSION_INFO_PREFIX = "";
			};
			name = Debug;
		};
		D87DCD2824CCBE8600A8CCD1 /* Release */ = {
			isa = XCBuildConfiguration;
			buildSettings = {
				ALWAYS_SEARCH_USER_PATHS = NO;
				CLANG_ANALYZER_NONNULL = YES;
				CLANG_ANALYZER_NUMBER_OBJECT_CONVERSION = YES_AGGRESSIVE;
				CLANG_CXX_LANGUAGE_STANDARD = "gnu++14";
				CLANG_CXX_LIBRARY = "libc++";
				CLANG_ENABLE_MODULES = YES;
				CLANG_ENABLE_OBJC_ARC = YES;
				CLANG_ENABLE_OBJC_WEAK = YES;
				CLANG_WARN_BLOCK_CAPTURE_AUTORELEASING = YES;
				CLANG_WARN_BOOL_CONVERSION = YES;
				CLANG_WARN_COMMA = YES;
				CLANG_WARN_CONSTANT_CONVERSION = YES;
				CLANG_WARN_DEPRECATED_OBJC_IMPLEMENTATIONS = YES;
				CLANG_WARN_DIRECT_OBJC_ISA_USAGE = YES_ERROR;
				CLANG_WARN_DOCUMENTATION_COMMENTS = YES;
				CLANG_WARN_EMPTY_BODY = YES;
				CLANG_WARN_ENUM_CONVERSION = YES;
				CLANG_WARN_INFINITE_RECURSION = YES;
				CLANG_WARN_INT_CONVERSION = YES;
				CLANG_WARN_NON_LITERAL_NULL_CONVERSION = YES;
				CLANG_WARN_OBJC_IMPLICIT_RETAIN_SELF = YES;
				CLANG_WARN_OBJC_LITERAL_CONVERSION = YES;
				CLANG_WARN_OBJC_ROOT_CLASS = YES_ERROR;
				CLANG_WARN_RANGE_LOOP_ANALYSIS = YES;
				CLANG_WARN_STRICT_PROTOTYPES = YES;
				CLANG_WARN_SUSPICIOUS_MOVE = YES;
				CLANG_WARN_UNGUARDED_AVAILABILITY = YES_AGGRESSIVE;
				CLANG_WARN_UNREACHABLE_CODE = YES;
				CLANG_WARN__DUPLICATE_METHOD_MATCH = YES;
				COPY_PHASE_STRIP = NO;
				CURRENT_PROJECT_VERSION = 1;
				DEBUG_INFORMATION_FORMAT = "dwarf-with-dsym";
				ENABLE_NS_ASSERTIONS = NO;
				ENABLE_STRICT_OBJC_MSGSEND = YES;
				GCC_C_LANGUAGE_STANDARD = gnu11;
				GCC_NO_COMMON_BLOCKS = YES;
				GCC_WARN_64_TO_32_BIT_CONVERSION = YES;
				GCC_WARN_ABOUT_RETURN_TYPE = YES_ERROR;
				GCC_WARN_UNDECLARED_SELECTOR = YES;
				GCC_WARN_UNINITIALIZED_AUTOS = YES_AGGRESSIVE;
				GCC_WARN_UNUSED_FUNCTION = YES;
				GCC_WARN_UNUSED_VARIABLE = YES;
				IPHONEOS_DEPLOYMENT_TARGET = 13.6;
				MTL_ENABLE_DEBUG_INFO = NO;
				MTL_FAST_MATH = YES;
				SDKROOT = iphoneos;
				SWIFT_COMPILATION_MODE = wholemodule;
				SWIFT_OPTIMIZATION_LEVEL = "-O";
				VALIDATE_PRODUCT = YES;
				VERSIONING_SYSTEM = "apple-generic";
				VERSION_INFO_PREFIX = "";
			};
			name = Release;
		};
		D87DCD3724CCBFA500A8CCD1 /* Debug */ = {
			isa = XCBuildConfiguration;
			buildSettings = {
				CLANG_ENABLE_MODULES = YES;
				CODE_SIGN_STYLE = Automatic;
				COMBINE_HIDPI_IMAGES = YES;
				DEFINES_MODULE = YES;
				DEVELOPMENT_TEAM = 8P4N6Y6C49;
				DYLIB_COMPATIBILITY_VERSION = 1;
				DYLIB_CURRENT_VERSION = 1;
				DYLIB_INSTALL_NAME_BASE = "@rpath";
				INFOPLIST_FILE = Domain/Info.plist;
				INSTALL_PATH = "$(LOCAL_LIBRARY_DIR)/Frameworks";
				LD_RUNPATH_SEARCH_PATHS = (
					"$(inherited)",
					"@executable_path/../Frameworks",
					"@loader_path/Frameworks",
				);
				MACOSX_DEPLOYMENT_TARGET = 10.15;
				PRODUCT_BUNDLE_IDENTIFIER = br.nom.andre.haas.Domain;
				PRODUCT_NAME = "$(TARGET_NAME:c99extidentifier)";
				SDKROOT = macosx;
				SKIP_INSTALL = YES;
				SWIFT_OPTIMIZATION_LEVEL = "-Onone";
				SWIFT_VERSION = 5.0;
			};
			name = Debug;
		};
		D87DCD3824CCBFA500A8CCD1 /* Release */ = {
			isa = XCBuildConfiguration;
			buildSettings = {
				CLANG_ENABLE_MODULES = YES;
				CODE_SIGN_STYLE = Automatic;
				COMBINE_HIDPI_IMAGES = YES;
				DEFINES_MODULE = YES;
				DEVELOPMENT_TEAM = 8P4N6Y6C49;
				DYLIB_COMPATIBILITY_VERSION = 1;
				DYLIB_CURRENT_VERSION = 1;
				DYLIB_INSTALL_NAME_BASE = "@rpath";
				INFOPLIST_FILE = Domain/Info.plist;
				INSTALL_PATH = "$(LOCAL_LIBRARY_DIR)/Frameworks";
				LD_RUNPATH_SEARCH_PATHS = (
					"$(inherited)",
					"@executable_path/../Frameworks",
					"@loader_path/Frameworks",
				);
				MACOSX_DEPLOYMENT_TARGET = 10.15;
				PRODUCT_BUNDLE_IDENTIFIER = br.nom.andre.haas.Domain;
				PRODUCT_NAME = "$(TARGET_NAME:c99extidentifier)";
				SDKROOT = macosx;
				SKIP_INSTALL = YES;
				SWIFT_VERSION = 5.0;
			};
			name = Release;
		};
		D87DCD5424CCC5BC00A8CCD1 /* Debug */ = {
			isa = XCBuildConfiguration;
			buildSettings = {
				CLANG_ENABLE_MODULES = YES;
				CODE_SIGN_STYLE = Automatic;
				COMBINE_HIDPI_IMAGES = YES;
				DEFINES_MODULE = YES;
				DEVELOPMENT_TEAM = 8P4N6Y6C49;
				DYLIB_COMPATIBILITY_VERSION = 1;
				DYLIB_CURRENT_VERSION = 1;
				DYLIB_INSTALL_NAME_BASE = "@rpath";
				INFOPLIST_FILE = Data/Info.plist;
				INSTALL_PATH = "$(LOCAL_LIBRARY_DIR)/Frameworks";
				LD_RUNPATH_SEARCH_PATHS = (
					"$(inherited)",
					"@executable_path/../Frameworks",
					"@loader_path/Frameworks",
				);
				MACOSX_DEPLOYMENT_TARGET = 10.15;
				PRODUCT_BUNDLE_IDENTIFIER = br.nom.andre.haas.Data;
				PRODUCT_NAME = "$(TARGET_NAME:c99extidentifier)";
				SDKROOT = macosx;
				SKIP_INSTALL = YES;
				SWIFT_OPTIMIZATION_LEVEL = "-Onone";
				SWIFT_VERSION = 5.0;
			};
			name = Debug;
		};
		D87DCD5524CCC5BC00A8CCD1 /* Release */ = {
			isa = XCBuildConfiguration;
			buildSettings = {
				CLANG_ENABLE_MODULES = YES;
				CODE_SIGN_STYLE = Automatic;
				COMBINE_HIDPI_IMAGES = YES;
				DEFINES_MODULE = YES;
				DEVELOPMENT_TEAM = 8P4N6Y6C49;
				DYLIB_COMPATIBILITY_VERSION = 1;
				DYLIB_CURRENT_VERSION = 1;
				DYLIB_INSTALL_NAME_BASE = "@rpath";
				INFOPLIST_FILE = Data/Info.plist;
				INSTALL_PATH = "$(LOCAL_LIBRARY_DIR)/Frameworks";
				LD_RUNPATH_SEARCH_PATHS = (
					"$(inherited)",
					"@executable_path/../Frameworks",
					"@loader_path/Frameworks",
				);
				MACOSX_DEPLOYMENT_TARGET = 10.15;
				PRODUCT_BUNDLE_IDENTIFIER = br.nom.andre.haas.Data;
				PRODUCT_NAME = "$(TARGET_NAME:c99extidentifier)";
				SDKROOT = macosx;
				SKIP_INSTALL = YES;
				SWIFT_VERSION = 5.0;
			};
			name = Release;
		};
		D87DCD5724CCC5BC00A8CCD1 /* Debug */ = {
			isa = XCBuildConfiguration;
			buildSettings = {
				ALWAYS_EMBED_SWIFT_STANDARD_LIBRARIES = YES;
				CODE_SIGN_STYLE = Automatic;
				COMBINE_HIDPI_IMAGES = YES;
				DEVELOPMENT_TEAM = 8P4N6Y6C49;
				INFOPLIST_FILE = DataTests/Info.plist;
				LD_RUNPATH_SEARCH_PATHS = (
					"$(inherited)",
					"@executable_path/../Frameworks",
					"@loader_path/../Frameworks",
				);
				MACOSX_DEPLOYMENT_TARGET = 10.15;
				PRODUCT_BUNDLE_IDENTIFIER = br.nom.andre.haas.DataTests;
				PRODUCT_NAME = "$(TARGET_NAME)";
				SDKROOT = macosx;
				SWIFT_VERSION = 5.0;
			};
			name = Debug;
		};
		D87DCD5824CCC5BC00A8CCD1 /* Release */ = {
			isa = XCBuildConfiguration;
			buildSettings = {
				ALWAYS_EMBED_SWIFT_STANDARD_LIBRARIES = YES;
				CODE_SIGN_STYLE = Automatic;
				COMBINE_HIDPI_IMAGES = YES;
				DEVELOPMENT_TEAM = 8P4N6Y6C49;
				INFOPLIST_FILE = DataTests/Info.plist;
				LD_RUNPATH_SEARCH_PATHS = (
					"$(inherited)",
					"@executable_path/../Frameworks",
					"@loader_path/../Frameworks",
				);
				MACOSX_DEPLOYMENT_TARGET = 10.15;
				PRODUCT_BUNDLE_IDENTIFIER = br.nom.andre.haas.DataTests;
				PRODUCT_NAME = "$(TARGET_NAME)";
				SDKROOT = macosx;
				SWIFT_VERSION = 5.0;
			};
			name = Release;
		};
		D8C60BF424D82F7D00C4326E /* Debug */ = {
			isa = XCBuildConfiguration;
			buildSettings = {
				CLANG_ENABLE_MODULES = YES;
				CODE_SIGN_STYLE = Automatic;
				COMBINE_HIDPI_IMAGES = YES;
				DEFINES_MODULE = YES;
				DEVELOPMENT_TEAM = 8P4N6Y6C49;
				DYLIB_COMPATIBILITY_VERSION = 1;
				DYLIB_CURRENT_VERSION = 1;
				DYLIB_INSTALL_NAME_BASE = "@rpath";
				INFOPLIST_FILE = Presentation/Info.plist;
				INSTALL_PATH = "$(LOCAL_LIBRARY_DIR)/Frameworks";
				LD_RUNPATH_SEARCH_PATHS = (
					"$(inherited)",
					"@executable_path/../Frameworks",
					"@loader_path/Frameworks",
				);
				MACOSX_DEPLOYMENT_TARGET = 10.15;
				PRODUCT_BUNDLE_IDENTIFIER = br.nom.andre.haas.Presentation;
				PRODUCT_NAME = "$(TARGET_NAME:c99extidentifier)";
				SDKROOT = macosx;
				SKIP_INSTALL = YES;
				SWIFT_OPTIMIZATION_LEVEL = "-Onone";
				SWIFT_VERSION = 5.0;
			};
			name = Debug;
		};
		D8C60BF524D82F7D00C4326E /* Release */ = {
			isa = XCBuildConfiguration;
			buildSettings = {
				CLANG_ENABLE_MODULES = YES;
				CODE_SIGN_STYLE = Automatic;
				COMBINE_HIDPI_IMAGES = YES;
				DEFINES_MODULE = YES;
				DEVELOPMENT_TEAM = 8P4N6Y6C49;
				DYLIB_COMPATIBILITY_VERSION = 1;
				DYLIB_CURRENT_VERSION = 1;
				DYLIB_INSTALL_NAME_BASE = "@rpath";
				INFOPLIST_FILE = Presentation/Info.plist;
				INSTALL_PATH = "$(LOCAL_LIBRARY_DIR)/Frameworks";
				LD_RUNPATH_SEARCH_PATHS = (
					"$(inherited)",
					"@executable_path/../Frameworks",
					"@loader_path/Frameworks",
				);
				MACOSX_DEPLOYMENT_TARGET = 10.15;
				PRODUCT_BUNDLE_IDENTIFIER = br.nom.andre.haas.Presentation;
				PRODUCT_NAME = "$(TARGET_NAME:c99extidentifier)";
				SDKROOT = macosx;
				SKIP_INSTALL = YES;
				SWIFT_VERSION = 5.0;
			};
			name = Release;
		};
		D8C60BF624D82F7D00C4326E /* Debug */ = {
			isa = XCBuildConfiguration;
			buildSettings = {
				ALWAYS_EMBED_SWIFT_STANDARD_LIBRARIES = YES;
				CODE_SIGN_STYLE = Automatic;
				COMBINE_HIDPI_IMAGES = YES;
				DEVELOPMENT_TEAM = 8P4N6Y6C49;
				INFOPLIST_FILE = PresentationTests/Info.plist;
				LD_RUNPATH_SEARCH_PATHS = (
					"$(inherited)",
					"@executable_path/../Frameworks",
					"@loader_path/../Frameworks",
				);
				MACOSX_DEPLOYMENT_TARGET = 10.15;
				PRODUCT_BUNDLE_IDENTIFIER = br.nom.andre.haas.PresentationTests;
				PRODUCT_NAME = "$(TARGET_NAME)";
				SDKROOT = macosx;
				SWIFT_VERSION = 5.0;
			};
			name = Debug;
		};
		D8C60BF724D82F7D00C4326E /* Release */ = {
			isa = XCBuildConfiguration;
			buildSettings = {
				ALWAYS_EMBED_SWIFT_STANDARD_LIBRARIES = YES;
				CODE_SIGN_STYLE = Automatic;
				COMBINE_HIDPI_IMAGES = YES;
				DEVELOPMENT_TEAM = 8P4N6Y6C49;
				INFOPLIST_FILE = PresentationTests/Info.plist;
				LD_RUNPATH_SEARCH_PATHS = (
					"$(inherited)",
					"@executable_path/../Frameworks",
					"@loader_path/../Frameworks",
				);
				MACOSX_DEPLOYMENT_TARGET = 10.15;
				PRODUCT_BUNDLE_IDENTIFIER = br.nom.andre.haas.PresentationTests;
				PRODUCT_NAME = "$(TARGET_NAME)";
				SDKROOT = macosx;
				SWIFT_VERSION = 5.0;
			};
			name = Release;
		};
		D8CE7E1624D3302200FC86A4 /* Debug */ = {
			isa = XCBuildConfiguration;
			buildSettings = {
				CODE_SIGN_STYLE = Automatic;
				COMBINE_HIDPI_IMAGES = YES;
				DEVELOPMENT_TEAM = 8P4N6Y6C49;
				INFOPLIST_FILE = UseCasesIntegrationTests/Info.plist;
				LD_RUNPATH_SEARCH_PATHS = (
					"$(inherited)",
					"@executable_path/../Frameworks",
					"@loader_path/../Frameworks",
				);
				MACOSX_DEPLOYMENT_TARGET = 10.15;
				PRODUCT_BUNDLE_IDENTIFIER = br.nom.andre.haas.UseCasesIntegrationTests;
				PRODUCT_NAME = "$(TARGET_NAME)";
				SDKROOT = macosx;
				SWIFT_VERSION = 5.0;
			};
			name = Debug;
		};
		D8CE7E1724D3302200FC86A4 /* Release */ = {
			isa = XCBuildConfiguration;
			buildSettings = {
				CODE_SIGN_STYLE = Automatic;
				COMBINE_HIDPI_IMAGES = YES;
				DEVELOPMENT_TEAM = 8P4N6Y6C49;
				INFOPLIST_FILE = UseCasesIntegrationTests/Info.plist;
				LD_RUNPATH_SEARCH_PATHS = (
					"$(inherited)",
					"@executable_path/../Frameworks",
					"@loader_path/../Frameworks",
				);
				MACOSX_DEPLOYMENT_TARGET = 10.15;
				PRODUCT_BUNDLE_IDENTIFIER = br.nom.andre.haas.UseCasesIntegrationTests;
				PRODUCT_NAME = "$(TARGET_NAME)";
				SDKROOT = macosx;
				SWIFT_VERSION = 5.0;
			};
			name = Release;
		};
/* End XCBuildConfiguration section */

/* Begin XCConfigurationList section */
		D8768BAB24CE45B2009BAB47 /* Build configuration list for PBXNativeTarget "Infra" */ = {
			isa = XCConfigurationList;
			buildConfigurations = (
				D8768BAC24CE45B2009BAB47 /* Debug */,
				D8768BAD24CE45B2009BAB47 /* Release */,
			);
			defaultConfigurationIsVisible = 0;
			defaultConfigurationName = Release;
		};
		D8768BAE24CE45B2009BAB47 /* Build configuration list for PBXNativeTarget "InfraTests" */ = {
			isa = XCConfigurationList;
			buildConfigurations = (
				D8768BAF24CE45B2009BAB47 /* Debug */,
				D8768BB024CE45B2009BAB47 /* Release */,
			);
			defaultConfigurationIsVisible = 0;
			defaultConfigurationName = Release;
		};
		D87DCD1B24CCBE8600A8CCD1 /* Build configuration list for PBXProject "CleanApp" */ = {
			isa = XCConfigurationList;
			buildConfigurations = (
				D87DCD2724CCBE8600A8CCD1 /* Debug */,
				D87DCD2824CCBE8600A8CCD1 /* Release */,
			);
			defaultConfigurationIsVisible = 0;
			defaultConfigurationName = Release;
		};
		D87DCD3624CCBFA500A8CCD1 /* Build configuration list for PBXNativeTarget "Domain" */ = {
			isa = XCConfigurationList;
			buildConfigurations = (
				D87DCD3724CCBFA500A8CCD1 /* Debug */,
				D87DCD3824CCBFA500A8CCD1 /* Release */,
			);
			defaultConfigurationIsVisible = 0;
			defaultConfigurationName = Release;
		};
		D87DCD5324CCC5BC00A8CCD1 /* Build configuration list for PBXNativeTarget "Data" */ = {
			isa = XCConfigurationList;
			buildConfigurations = (
				D87DCD5424CCC5BC00A8CCD1 /* Debug */,
				D87DCD5524CCC5BC00A8CCD1 /* Release */,
			);
			defaultConfigurationIsVisible = 0;
			defaultConfigurationName = Release;
		};
		D87DCD5624CCC5BC00A8CCD1 /* Build configuration list for PBXNativeTarget "DataTests" */ = {
			isa = XCConfigurationList;
			buildConfigurations = (
				D87DCD5724CCC5BC00A8CCD1 /* Debug */,
				D87DCD5824CCC5BC00A8CCD1 /* Release */,
			);
			defaultConfigurationIsVisible = 0;
			defaultConfigurationName = Release;
		};
		D8C60BF824D82F7D00C4326E /* Build configuration list for PBXNativeTarget "Presentation" */ = {
			isa = XCConfigurationList;
			buildConfigurations = (
				D8C60BF424D82F7D00C4326E /* Debug */,
				D8C60BF524D82F7D00C4326E /* Release */,
			);
			defaultConfigurationIsVisible = 0;
			defaultConfigurationName = Release;
		};
		D8C60BF924D82F7D00C4326E /* Build configuration list for PBXNativeTarget "PresentationTests" */ = {
			isa = XCConfigurationList;
			buildConfigurations = (
				D8C60BF624D82F7D00C4326E /* Debug */,
				D8C60BF724D82F7D00C4326E /* Release */,
			);
			defaultConfigurationIsVisible = 0;
			defaultConfigurationName = Release;
		};
		D8CE7E1524D3302200FC86A4 /* Build configuration list for PBXNativeTarget "UseCasesIntegrationTests" */ = {
			isa = XCConfigurationList;
			buildConfigurations = (
				D8CE7E1624D3302200FC86A4 /* Debug */,
				D8CE7E1724D3302200FC86A4 /* Release */,
			);
			defaultConfigurationIsVisible = 0;
			defaultConfigurationName = Release;
		};
/* End XCConfigurationList section */

/* Begin XCRemoteSwiftPackageReference section */
		D8768BB824CE4B3C009BAB47 /* XCRemoteSwiftPackageReference "Alamofire" */ = {
			isa = XCRemoteSwiftPackageReference;
			repositoryURL = "https://github.com/Alamofire/Alamofire.git";
			requirement = {
				kind = upToNextMajorVersion;
				minimumVersion = 5.2.2;
			};
		};
/* End XCRemoteSwiftPackageReference section */

/* Begin XCSwiftPackageProductDependency section */
		D8768BB924CE4B3C009BAB47 /* Alamofire */ = {
			isa = XCSwiftPackageProductDependency;
			package = D8768BB824CE4B3C009BAB47 /* XCRemoteSwiftPackageReference "Alamofire" */;
			productName = Alamofire;
		};
/* End XCSwiftPackageProductDependency section */
	};
	rootObject = D87DCD1824CCBE8600A8CCD1 /* Project object */;
}
